
Microsoft Visual Studio Solution File, Format Version 12.00
# Visual Studio Version 17
VisualStudioVersion = 17.14.36429.23 d17.14
MinimumVisualStudioVersion = 10.0.40219.1
Project("{FAE04EC0-301F-11D3-BF4B-00C04F79EFBC}") = "WebQuanLyChiTieu", "WebQuanLyChiTieu.csproj", "{2CF41B95-8BFE-451D-8B82-122CF47F7712}"
EndProject
Global
	GlobalSection(SolutionConfigurationPlatforms) = preSolution
		Debug|Any CPU = Debug|Any CPU
		Release|Any CPU = Release|Any CPU
	EndGlobalSection
	GlobalSection(ProjectConfigurationPlatforms) = postSolution
		{2CF41B95-8BFE-451D-8B82-122CF47F7712}.Debug|Any CPU.ActiveCfg = Debug|Any CPU
		{2CF41B95-8BFE-451D-8B82-122CF47F7712}.Debug|Any CPU.Build.0 = Debug|Any CPU
		{2CF41B95-8BFE-451D-8B82-122CF47F7712}.Release|Any CPU.ActiveCfg = Release|Any CPU
		{2CF41B95-8BFE-451D-8B82-122CF47F7712}.Release|Any CPU.Build.0 = Release|Any CPU
	EndGlobalSection
	GlobalSection(SolutionProperties) = preSolution
		HideSolutionNode = FALSE
	EndGlobalSection
	GlobalSection(ExtensibilityGlobals) = postSolution
		SolutionGuid = {052FBC1B-1644-49DE-B7B9-B4774A6803E9}
	EndGlobalSection
EndGlobal
